
Microsoft Visual Studio Solution File, Format Version 12.00
# Visual Studio 15
VisualStudioVersion = 15.0.28307.168
MinimumVisualStudioVersion = 10.0.40219.1
Project("{FAE04EC0-301F-11D3-BF4B-00C04F79EFBC}") = "AquaLearn.Domain", "AquaLearn.Domain\AquaLearn.Domain.csproj", "{7D34CF1C-06E6-49DF-88F4-53E0582E1B8C}"
EndProject
Project("{FAE04EC0-301F-11D3-BF4B-00C04F79EFBC}") = "AquaLearn.Data", "AquaLearn.Data\AquaLearn.Data.csproj", "{D16ED3A1-52BC-4F4D-8F00-36D8CC4F172D}"
EndProject
Project("{FAE04EC0-301F-11D3-BF4B-00C04F79EFBC}") = "AquaLearn.Migration", "AquaLearn.Migration\AquaLearn.Migration.csproj", "{6EAABF57-3C8C-4C1B-AD4C-73A8CA74FCB0}"
EndProject
Project("{FAE04EC0-301F-11D3-BF4B-00C04F79EFBC}") = "AquaLearn.Tests", "AquaLearn.Tests\AquaLearn.Tests.csproj", "{FDB2D14F-4142-497E-8B02-C47E8B0FD331}"
EndProject
Project("{FAE04EC0-301F-11D3-BF4B-00C04F79EFBC}") = "AquaLearn.Client", "AquaLearn.Client\AquaLearn.Client.csproj", "{C1C4D851-52F5-448D-862A-4B3D4FEC6945}"
EndProject
Global
	GlobalSection(SolutionConfigurationPlatforms) = preSolution
		Debug|Any CPU = Debug|Any CPU
		Release|Any CPU = Release|Any CPU
	EndGlobalSection
	GlobalSection(ProjectConfigurationPlatforms) = postSolution
		{7D34CF1C-06E6-49DF-88F4-53E0582E1B8C}.Debug|Any CPU.ActiveCfg = Debug|Any CPU
		{7D34CF1C-06E6-49DF-88F4-53E0582E1B8C}.Debug|Any CPU.Build.0 = Debug|Any CPU
		{7D34CF1C-06E6-49DF-88F4-53E0582E1B8C}.Release|Any CPU.ActiveCfg = Release|Any CPU
		{7D34CF1C-06E6-49DF-88F4-53E0582E1B8C}.Release|Any CPU.Build.0 = Release|Any CPU
		{D16ED3A1-52BC-4F4D-8F00-36D8CC4F172D}.Debug|Any CPU.ActiveCfg = Debug|Any CPU
		{D16ED3A1-52BC-4F4D-8F00-36D8CC4F172D}.Debug|Any CPU.Build.0 = Debug|Any CPU
		{D16ED3A1-52BC-4F4D-8F00-36D8CC4F172D}.Release|Any CPU.ActiveCfg = Release|Any CPU
		{D16ED3A1-52BC-4F4D-8F00-36D8CC4F172D}.Release|Any CPU.Build.0 = Release|Any CPU
		{6EAABF57-3C8C-4C1B-AD4C-73A8CA74FCB0}.Debug|Any CPU.ActiveCfg = Debug|Any CPU
		{6EAABF57-3C8C-4C1B-AD4C-73A8CA74FCB0}.Debug|Any CPU.Build.0 = Debug|Any CPU
		{6EAABF57-3C8C-4C1B-AD4C-73A8CA74FCB0}.Release|Any CPU.ActiveCfg = Release|Any CPU
		{6EAABF57-3C8C-4C1B-AD4C-73A8CA74FCB0}.Release|Any CPU.Build.0 = Release|Any CPU
		{FDB2D14F-4142-497E-8B02-C47E8B0FD331}.Debug|Any CPU.ActiveCfg = Debug|Any CPU
		{FDB2D14F-4142-497E-8B02-C47E8B0FD331}.Debug|Any CPU.Build.0 = Debug|Any CPU
		{FDB2D14F-4142-497E-8B02-C47E8B0FD331}.Release|Any CPU.ActiveCfg = Release|Any CPU
		{FDB2D14F-4142-497E-8B02-C47E8B0FD331}.Release|Any CPU.Build.0 = Release|Any CPU
		{C1C4D851-52F5-448D-862A-4B3D4FEC6945}.Debug|Any CPU.ActiveCfg = Debug|Any CPU
		{C1C4D851-52F5-448D-862A-4B3D4FEC6945}.Debug|Any CPU.Build.0 = Debug|Any CPU
		{C1C4D851-52F5-448D-862A-4B3D4FEC6945}.Release|Any CPU.ActiveCfg = Release|Any CPU
		{C1C4D851-52F5-448D-862A-4B3D4FEC6945}.Release|Any CPU.Build.0 = Release|Any CPU
	EndGlobalSection
	GlobalSection(SolutionProperties) = preSolution
		HideSolutionNode = FALSE
	EndGlobalSection
	GlobalSection(ExtensibilityGlobals) = postSolution
		SolutionGuid = {EBAD3DD6-0940-4003-B27D-83B615747634}
	EndGlobalSection
EndGlobal
